
Microsoft Visual Studio Solution File, Format Version 12.00
# Visual Studio Version 17
VisualStudioVersion = 17.10.34607.79
MinimumVisualStudioVersion = 10.0.40219.1
Project("{888888A0-9F3D-457C-B088-3A5042F75D52}") = "sets3", "sets3.pyproj", "{843C0F98-2F7D-4264-A761-1B3795C38C80}"
EndProject
Global
	GlobalSection(SolutionConfigurationPlatforms) = preSolution
		Debug|Any CPU = Debug|Any CPU
		Release|Any CPU = Release|Any CPU
	EndGlobalSection
	GlobalSection(ProjectConfigurationPlatforms) = postSolution
		{843C0F98-2F7D-4264-A761-1B3795C38C80}.Debug|Any CPU.ActiveCfg = Debug|Any CPU
		{843C0F98-2F7D-4264-A761-1B3795C38C80}.Release|Any CPU.ActiveCfg = Release|Any CPU
	EndGlobalSection
	GlobalSection(SolutionProperties) = preSolution
		HideSolutionNode = FALSE
	EndGlobalSection
	GlobalSection(ExtensibilityGlobals) = postSolution
		SolutionGuid = {C1559C38-F5F2-41CC-9820-FD4F90EC9D96}
	EndGlobalSection
EndGlobal
